
Microsoft Visual Studio Solution File, Format Version 12.00
# Visual Studio Version 16
VisualStudioVersion = 16.0.29424.173
MinimumVisualStudioVersion = 10.0.40219.1
Project("{9A19103F-16F7-4668-BE54-9A1E7A4F7556}") = "ServiceIntegration", "ServiceIntegration\ServiceIntegration.csproj", "{AFD1C11E-6F54-412B-9A3A-DEF3D508FBCC}"
EndProject
Global
	GlobalSection(SolutionConfigurationPlatforms) = preSolution
		Debug|Any CPU = Debug|Any CPU
		Release|Any CPU = Release|Any CPU
	EndGlobalSection
	GlobalSection(ProjectConfigurationPlatforms) = postSolution
		{AFD1C11E-6F54-412B-9A3A-DEF3D508FBCC}.Debug|Any CPU.ActiveCfg = Debug|Any CPU
		{AFD1C11E-6F54-412B-9A3A-DEF3D508FBCC}.Debug|Any CPU.Build.0 = Debug|Any CPU
		{AFD1C11E-6F54-412B-9A3A-DEF3D508FBCC}.Release|Any CPU.ActiveCfg = Release|Any CPU
		{AFD1C11E-6F54-412B-9A3A-DEF3D508FBCC}.Release|Any CPU.Build.0 = Release|Any CPU
	EndGlobalSection
	GlobalSection(SolutionProperties) = preSolution
		HideSolutionNode = FALSE
	EndGlobalSection
	GlobalSection(ExtensibilityGlobals) = postSolution
		SolutionGuid = {66E23DC6-9B37-41B7-B05D-50A76C66E597}
	EndGlobalSection
EndGlobal
